
Microsoft Visual Studio Solution File, Format Version 12.00
# Visual Studio Version 16
VisualStudioVersion = 16.0.34031.81
MinimumVisualStudioVersion = 10.0.40219.1
Project("{9A19103F-16F7-4668-BE54-9A1E7A4F7556}") = "TestAlgoritmos", "TestAlgoritmos\TestAlgoritmos.csproj", "{24DAC893-1AF1-445D-B9F5-3104D7F4BD84}"
	ProjectSection(ProjectDependencies) = postProject
		{20099484-B4BC-4B03-A60C-3CB74DC68396} = {20099484-B4BC-4B03-A60C-3CB74DC68396}
	EndProjectSection
EndProject
Project("{9A19103F-16F7-4668-BE54-9A1E7A4F7556}") = "BussinesLayer", "BussinesLatey\BussinesLayer.csproj", "{20099484-B4BC-4B03-A60C-3CB74DC68396}"
EndProject
Project("{9A19103F-16F7-4668-BE54-9A1E7A4F7556}") = "DataLayer", "DataLayer\DataLayer.csproj", "{58F6C62C-8104-4E1F-B968-1E30A3BB24EC}"
EndProject
Project("{FAE04EC0-301F-11D3-BF4B-00C04F79EFBC}") = "AlgorithmTest", "AlgorithmTest\AlgorithmTest.csproj", "{22B7F7AA-D227-46A4-8E3F-1573A70FB5C6}"
	ProjectSection(ProjectDependencies) = postProject
		{20099484-B4BC-4B03-A60C-3CB74DC68396} = {20099484-B4BC-4B03-A60C-3CB74DC68396}
	EndProjectSection
EndProject
Global
	GlobalSection(SolutionConfigurationPlatforms) = preSolution
		Debug|Any CPU = Debug|Any CPU
		Release|Any CPU = Release|Any CPU
	EndGlobalSection
	GlobalSection(ProjectConfigurationPlatforms) = postSolution
		{24DAC893-1AF1-445D-B9F5-3104D7F4BD84}.Debug|Any CPU.ActiveCfg = Debug|Any CPU
		{24DAC893-1AF1-445D-B9F5-3104D7F4BD84}.Debug|Any CPU.Build.0 = Debug|Any CPU
		{24DAC893-1AF1-445D-B9F5-3104D7F4BD84}.Release|Any CPU.ActiveCfg = Release|Any CPU
		{24DAC893-1AF1-445D-B9F5-3104D7F4BD84}.Release|Any CPU.Build.0 = Release|Any CPU
		{20099484-B4BC-4B03-A60C-3CB74DC68396}.Debug|Any CPU.ActiveCfg = Debug|Any CPU
		{20099484-B4BC-4B03-A60C-3CB74DC68396}.Debug|Any CPU.Build.0 = Debug|Any CPU
		{20099484-B4BC-4B03-A60C-3CB74DC68396}.Release|Any CPU.ActiveCfg = Release|Any CPU
		{20099484-B4BC-4B03-A60C-3CB74DC68396}.Release|Any CPU.Build.0 = Release|Any CPU
		{58F6C62C-8104-4E1F-B968-1E30A3BB24EC}.Debug|Any CPU.ActiveCfg = Debug|Any CPU
		{58F6C62C-8104-4E1F-B968-1E30A3BB24EC}.Debug|Any CPU.Build.0 = Debug|Any CPU
		{58F6C62C-8104-4E1F-B968-1E30A3BB24EC}.Release|Any CPU.ActiveCfg = Release|Any CPU
		{58F6C62C-8104-4E1F-B968-1E30A3BB24EC}.Release|Any CPU.Build.0 = Release|Any CPU
		{22B7F7AA-D227-46A4-8E3F-1573A70FB5C6}.Debug|Any CPU.ActiveCfg = Debug|Any CPU
		{22B7F7AA-D227-46A4-8E3F-1573A70FB5C6}.Debug|Any CPU.Build.0 = Debug|Any CPU
		{22B7F7AA-D227-46A4-8E3F-1573A70FB5C6}.Release|Any CPU.ActiveCfg = Release|Any CPU
		{22B7F7AA-D227-46A4-8E3F-1573A70FB5C6}.Release|Any CPU.Build.0 = Release|Any CPU
	EndGlobalSection
	GlobalSection(SolutionProperties) = preSolution
		HideSolutionNode = FALSE
	EndGlobalSection
	GlobalSection(ExtensibilityGlobals) = postSolution
		SolutionGuid = {A02F40AC-85D8-4A3F-9D23-3ACC2D15AC98}
	EndGlobalSection
EndGlobal
